
Microsoft Visual Studio Solution File, Format Version 12.00
# Visual Studio Version 17
VisualStudioVersion = 17.3.32611.2
MinimumVisualStudioVersion = 10.0.40219.1
Project("{9A19103F-16F7-4668-BE54-9A1E7A4F7556}") = "BlazorServerAppSEO", "BlazorServerAppSEO\BlazorServerAppSEO.csproj", "{B51A0532-EC8F-4D96-8946-41736CEDD5C4}"
EndProject
Project("{9A19103F-16F7-4668-BE54-9A1E7A4F7556}") = "BlazorServerAppSEOWithNET5.0", "BlazorServerAppSEOWithNET5.0\BlazorServerAppSEOWithNET5.0.csproj", "{43C01096-7D37-4702-9373-51E94BD035A9}"
EndProject
Project("{9A19103F-16F7-4668-BE54-9A1E7A4F7556}") = "BlazorWebAssemblyAppSEO", "BlazorWebAssemblyAppSEO\BlazorWebAssemblyAppSEO.csproj", "{140C6192-1B67-474B-97CB-6E23E1B005EA}"
EndProject
Global
	GlobalSection(SolutionConfigurationPlatforms) = preSolution
		Debug|Any CPU = Debug|Any CPU
		Release|Any CPU = Release|Any CPU
	EndGlobalSection
	GlobalSection(ProjectConfigurationPlatforms) = postSolution
		{B51A0532-EC8F-4D96-8946-41736CEDD5C4}.Debug|Any CPU.ActiveCfg = Debug|Any CPU
		{B51A0532-EC8F-4D96-8946-41736CEDD5C4}.Debug|Any CPU.Build.0 = Debug|Any CPU
		{B51A0532-EC8F-4D96-8946-41736CEDD5C4}.Release|Any CPU.ActiveCfg = Release|Any CPU
		{B51A0532-EC8F-4D96-8946-41736CEDD5C4}.Release|Any CPU.Build.0 = Release|Any CPU
		{43C01096-7D37-4702-9373-51E94BD035A9}.Debug|Any CPU.ActiveCfg = Debug|Any CPU
		{43C01096-7D37-4702-9373-51E94BD035A9}.Debug|Any CPU.Build.0 = Debug|Any CPU
		{43C01096-7D37-4702-9373-51E94BD035A9}.Release|Any CPU.ActiveCfg = Release|Any CPU
		{43C01096-7D37-4702-9373-51E94BD035A9}.Release|Any CPU.Build.0 = Release|Any CPU
		{140C6192-1B67-474B-97CB-6E23E1B005EA}.Debug|Any CPU.ActiveCfg = Debug|Any CPU
		{140C6192-1B67-474B-97CB-6E23E1B005EA}.Debug|Any CPU.Build.0 = Debug|Any CPU
		{140C6192-1B67-474B-97CB-6E23E1B005EA}.Release|Any CPU.ActiveCfg = Release|Any CPU
		{140C6192-1B67-474B-97CB-6E23E1B005EA}.Release|Any CPU.Build.0 = Release|Any CPU
	EndGlobalSection
	GlobalSection(SolutionProperties) = preSolution
		HideSolutionNode = FALSE
	EndGlobalSection
	GlobalSection(ExtensibilityGlobals) = postSolution
		SolutionGuid = {38B316D5-EFBA-4094-A515-3115A4995C9E}
	EndGlobalSection
EndGlobal
